
Microsoft Visual Studio Solution File, Format Version 12.00
# Visual Studio Version 17
VisualStudioVersion = 17.14.36105.17
MinimumVisualStudioVersion = 10.0.40219.1
Project("{FAE04EC0-301F-11D3-BF4B-00C04F79EFBC}") = "Final project", "Final project.csproj", "{EB0332F5-0384-4845-B850-9931F2796ED3}"
EndProject
Global
	GlobalSection(SolutionConfigurationPlatforms) = preSolution
		Debug|Any CPU = Debug|Any CPU
		Release|Any CPU = Release|Any CPU
	EndGlobalSection
	GlobalSection(ProjectConfigurationPlatforms) = postSolution
		{EB0332F5-0384-4845-B850-9931F2796ED3}.Debug|Any CPU.ActiveCfg = Debug|Any CPU
		{EB0332F5-0384-4845-B850-9931F2796ED3}.Debug|Any CPU.Build.0 = Debug|Any CPU
		{EB0332F5-0384-4845-B850-9931F2796ED3}.Release|Any CPU.ActiveCfg = Release|Any CPU
		{EB0332F5-0384-4845-B850-9931F2796ED3}.Release|Any CPU.Build.0 = Release|Any CPU
	EndGlobalSection
	GlobalSection(SolutionProperties) = preSolution
		HideSolutionNode = FALSE
	EndGlobalSection
	GlobalSection(ExtensibilityGlobals) = postSolution
		SolutionGuid = {EA0317D4-B6E8-4338-90AB-8FC523F4E020}
	EndGlobalSection
EndGlobal
